
Microsoft Visual Studio Solution File, Format Version 12.00
# Visual Studio 15
VisualStudioVersion = 15.0.28307.960
MinimumVisualStudioVersion = 10.0.40219.1
Project("{8BC9CEB8-8B4A-11D0-8D11-00A0C91BC942}") = "FIP", "FIP.vcxproj", "{2715B805-7B71-42A1-88FB-D4252B342929}"
EndProject
Global
	GlobalSection(SolutionConfigurationPlatforms) = preSolution
		Debug|x64 = Debug|x64
		Debug|x86 = Debug|x86
		Release|x64 = Release|x64
		Release|x86 = Release|x86
	EndGlobalSection
	GlobalSection(ProjectConfigurationPlatforms) = postSolution
		{2715B805-7B71-42A1-88FB-D4252B342929}.Debug|x64.ActiveCfg = Debug|x64
		{2715B805-7B71-42A1-88FB-D4252B342929}.Debug|x64.Build.0 = Debug|x64
		{2715B805-7B71-42A1-88FB-D4252B342929}.Debug|x86.ActiveCfg = Debug|Win32
		{2715B805-7B71-42A1-88FB-D4252B342929}.Debug|x86.Build.0 = Debug|Win32
		{2715B805-7B71-42A1-88FB-D4252B342929}.Release|x64.ActiveCfg = Release|x64
		{2715B805-7B71-42A1-88FB-D4252B342929}.Release|x64.Build.0 = Release|x64
		{2715B805-7B71-42A1-88FB-D4252B342929}.Release|x86.ActiveCfg = Release|Win32
		{2715B805-7B71-42A1-88FB-D4252B342929}.Release|x86.Build.0 = Release|Win32
	EndGlobalSection
	GlobalSection(SolutionProperties) = preSolution
		HideSolutionNode = FALSE
	EndGlobalSection
	GlobalSection(ExtensibilityGlobals) = postSolution
		SolutionGuid = {C1874FA5-CA52-4E62-B6BF-F9F19A4F7D2F}
	EndGlobalSection
EndGlobal
